
Microsoft Visual Studio Solution File, Format Version 12.00
# Visual Studio Version 17
VisualStudioVersion = 17.6.33723.286
MinimumVisualStudioVersion = 10.0.40219.1
Project("{FAE04EC0-301F-11D3-BF4B-00C04F79EFBC}") = "PracticalProject.Android", "PracticalProject\PracticalProject.Android\PracticalProject.Android.csproj", "{233DF368-673E-46D6-8D38-AAB0CC31F196}"
EndProject
Project("{FAE04EC0-301F-11D3-BF4B-00C04F79EFBC}") = "PracticalProject", "PracticalProject\PracticalProject\PracticalProject.csproj", "{4F6B4AFA-CB88-462E-81D8-C65355F0DC61}"
EndProject
Global
	GlobalSection(SolutionConfigurationPlatforms) = preSolution
		Debug|Any CPU = Debug|Any CPU
		Release|Any CPU = Release|Any CPU
	EndGlobalSection
	GlobalSection(ProjectConfigurationPlatforms) = postSolution
		{233DF368-673E-46D6-8D38-AAB0CC31F196}.Debug|Any CPU.ActiveCfg = Debug|Any CPU
		{233DF368-673E-46D6-8D38-AAB0CC31F196}.Debug|Any CPU.Build.0 = Debug|Any CPU
		{233DF368-673E-46D6-8D38-AAB0CC31F196}.Debug|Any CPU.Deploy.0 = Debug|Any CPU
		{233DF368-673E-46D6-8D38-AAB0CC31F196}.Release|Any CPU.ActiveCfg = Release|Any CPU
		{233DF368-673E-46D6-8D38-AAB0CC31F196}.Release|Any CPU.Build.0 = Release|Any CPU
		{233DF368-673E-46D6-8D38-AAB0CC31F196}.Release|Any CPU.Deploy.0 = Release|Any CPU
		{4F6B4AFA-CB88-462E-81D8-C65355F0DC61}.Debug|Any CPU.ActiveCfg = Debug|Any CPU
		{4F6B4AFA-CB88-462E-81D8-C65355F0DC61}.Debug|Any CPU.Build.0 = Debug|Any CPU
		{4F6B4AFA-CB88-462E-81D8-C65355F0DC61}.Debug|Any CPU.Deploy.0 = Debug|Any CPU
		{4F6B4AFA-CB88-462E-81D8-C65355F0DC61}.Release|Any CPU.ActiveCfg = Release|Any CPU
		{4F6B4AFA-CB88-462E-81D8-C65355F0DC61}.Release|Any CPU.Build.0 = Release|Any CPU
		{4F6B4AFA-CB88-462E-81D8-C65355F0DC61}.Release|Any CPU.Deploy.0 = Release|Any CPU
	EndGlobalSection
	GlobalSection(SolutionProperties) = preSolution
		HideSolutionNode = FALSE
	EndGlobalSection
	GlobalSection(ExtensibilityGlobals) = postSolution
		SolutionGuid = {AC6F68C8-C429-4BA6-9EE2-B623571A583D}
	EndGlobalSection
EndGlobal
